
Microsoft Visual Studio Solution File, Format Version 12.00
# Visual Studio Version 17
VisualStudioVersion = 17.11.35303.130
MinimumVisualStudioVersion = 10.0.40219.1
Project("{FAE04EC0-301F-11D3-BF4B-00C04F79EFBC}") = "EF", "EF\EF.csproj", "{C304756C-2831-4B0F-8F77-CF3F9A09B492}"
EndProject
Global
	GlobalSection(SolutionConfigurationPlatforms) = preSolution
		Debug|Any CPU = Debug|Any CPU
		Release|Any CPU = Release|Any CPU
	EndGlobalSection
	GlobalSection(ProjectConfigurationPlatforms) = postSolution
		{C304756C-2831-4B0F-8F77-CF3F9A09B492}.Debug|Any CPU.ActiveCfg = Debug|Any CPU
		{C304756C-2831-4B0F-8F77-CF3F9A09B492}.Debug|Any CPU.Build.0 = Debug|Any CPU
		{C304756C-2831-4B0F-8F77-CF3F9A09B492}.Release|Any CPU.ActiveCfg = Release|Any CPU
		{C304756C-2831-4B0F-8F77-CF3F9A09B492}.Release|Any CPU.Build.0 = Release|Any CPU
	EndGlobalSection
	GlobalSection(SolutionProperties) = preSolution
		HideSolutionNode = FALSE
	EndGlobalSection
	GlobalSection(ExtensibilityGlobals) = postSolution
		SolutionGuid = {0D48688A-CD53-4D64-89B0-2756F15685F1}
	EndGlobalSection
EndGlobal
